
Microsoft Visual Studio Solution File, Format Version 12.00
# Visual Studio 15
VisualStudioVersion = 15.0.26730.16
MinimumVisualStudioVersion = 10.0.40219.1
Project("{FAE04EC0-301F-11D3-BF4B-00C04F79EFBC}") = "ErinYoo", "ErinYoo\ErinYoo.csproj", "{13A45C13-3265-47B8-BC48-A553B569DF55}"
EndProject
Project("{FAE04EC0-301F-11D3-BF4B-00C04F79EFBC}") = "Assembly-CSharp", "C:\Users\rajen\Src\ErinYoo\ErinYoo\WindowsStoreApp\GeneratedProjects\UWP\Assembly-CSharp\Assembly-CSharp.csproj", "{4955D03C-A0D5-47B9-BE84-F1C70490378A}"
EndProject
Project("{FAE04EC0-301F-11D3-BF4B-00C04F79EFBC}") = "Assembly-CSharp-firstpass", "C:\Users\rajen\Src\ErinYoo\ErinYoo\WindowsStoreApp\GeneratedProjects\UWP\Assembly-CSharp-firstpass\Assembly-CSharp-firstpass.csproj", "{5BD0AE19-9EAB-463E-9417-3EFEAEBC940C}"
EndProject
Global
	GlobalSection(SolutionConfigurationPlatforms) = preSolution
		Debug|ARM = Debug|ARM
		Debug|x64 = Debug|x64
		Debug|x86 = Debug|x86
		Master|ARM = Master|ARM
		Master|x64 = Master|x64
		Master|x86 = Master|x86
		Release|ARM = Release|ARM
		Release|x64 = Release|x64
		Release|x86 = Release|x86
	EndGlobalSection
	GlobalSection(ProjectConfigurationPlatforms) = postSolution
		{13A45C13-3265-47B8-BC48-A553B569DF55}.Debug|ARM.ActiveCfg = Debug|ARM
		{13A45C13-3265-47B8-BC48-A553B569DF55}.Debug|ARM.Build.0 = Debug|ARM
		{13A45C13-3265-47B8-BC48-A553B569DF55}.Debug|ARM.Deploy.0 = Debug|ARM
		{13A45C13-3265-47B8-BC48-A553B569DF55}.Debug|x64.ActiveCfg = Debug|x64
		{13A45C13-3265-47B8-BC48-A553B569DF55}.Debug|x64.Build.0 = Debug|x64
		{13A45C13-3265-47B8-BC48-A553B569DF55}.Debug|x64.Deploy.0 = Debug|x64
		{13A45C13-3265-47B8-BC48-A553B569DF55}.Debug|x86.ActiveCfg = Debug|x86
		{13A45C13-3265-47B8-BC48-A553B569DF55}.Debug|x86.Build.0 = Debug|x86
		{13A45C13-3265-47B8-BC48-A553B569DF55}.Debug|x86.Deploy.0 = Debug|x86
		{13A45C13-3265-47B8-BC48-A553B569DF55}.Master|ARM.ActiveCfg = Master|ARM
		{13A45C13-3265-47B8-BC48-A553B569DF55}.Master|ARM.Build.0 = Master|ARM
		{13A45C13-3265-47B8-BC48-A553B569DF55}.Master|ARM.Deploy.0 = Master|ARM
		{13A45C13-3265-47B8-BC48-A553B569DF55}.Master|x64.ActiveCfg = Master|x64
		{13A45C13-3265-47B8-BC48-A553B569DF55}.Master|x64.Build.0 = Master|x64
		{13A45C13-3265-47B8-BC48-A553B569DF55}.Master|x64.Deploy.0 = Master|x64
		{13A45C13-3265-47B8-BC48-A553B569DF55}.Master|x86.ActiveCfg = Master|x86
		{13A45C13-3265-47B8-BC48-A553B569DF55}.Master|x86.Build.0 = Master|x86
		{13A45C13-3265-47B8-BC48-A553B569DF55}.Master|x86.Deploy.0 = Master|x86
		{13A45C13-3265-47B8-BC48-A553B569DF55}.Release|ARM.ActiveCfg = Release|ARM
		{13A45C13-3265-47B8-BC48-A553B569DF55}.Release|ARM.Build.0 = Release|ARM
		{13A45C13-3265-47B8-BC48-A553B569DF55}.Release|ARM.Deploy.0 = Release|ARM
		{13A45C13-3265-47B8-BC48-A553B569DF55}.Release|x64.ActiveCfg = Release|x64
		{13A45C13-3265-47B8-BC48-A553B569DF55}.Release|x64.Build.0 = Release|x64
		{13A45C13-3265-47B8-BC48-A553B569DF55}.Release|x64.Deploy.0 = Release|x64
		{13A45C13-3265-47B8-BC48-A553B569DF55}.Release|x86.ActiveCfg = Release|x86
		{13A45C13-3265-47B8-BC48-A553B569DF55}.Release|x86.Build.0 = Release|x86
		{13A45C13-3265-47B8-BC48-A553B569DF55}.Release|x86.Deploy.0 = Release|x86
		{4955D03C-A0D5-47B9-BE84-F1C70490378A}.Debug|ARM.ActiveCfg = Debug|ARM
		{4955D03C-A0D5-47B9-BE84-F1C70490378A}.Debug|ARM.Build.0 = Debug|ARM
		{4955D03C-A0D5-47B9-BE84-F1C70490378A}.Debug|x64.ActiveCfg = Debug|x64
		{4955D03C-A0D5-47B9-BE84-F1C70490378A}.Debug|x64.Build.0 = Debug|x64
		{4955D03C-A0D5-47B9-BE84-F1C70490378A}.Debug|x86.ActiveCfg = Debug|x86
		{4955D03C-A0D5-47B9-BE84-F1C70490378A}.Debug|x86.Build.0 = Debug|x86
		{4955D03C-A0D5-47B9-BE84-F1C70490378A}.Master|ARM.ActiveCfg = Master|ARM
		{4955D03C-A0D5-47B9-BE84-F1C70490378A}.Master|ARM.Build.0 = Master|ARM
		{4955D03C-A0D5-47B9-BE84-F1C70490378A}.Master|x64.ActiveCfg = Master|x64
		{4955D03C-A0D5-47B9-BE84-F1C70490378A}.Master|x64.Build.0 = Master|x64
		{4955D03C-A0D5-47B9-BE84-F1C70490378A}.Master|x86.ActiveCfg = Master|x86
		{4955D03C-A0D5-47B9-BE84-F1C70490378A}.Master|x86.Build.0 = Master|x86
		{4955D03C-A0D5-47B9-BE84-F1C70490378A}.Release|ARM.ActiveCfg = Release|ARM
		{4955D03C-A0D5-47B9-BE84-F1C70490378A}.Release|ARM.Build.0 = Release|ARM
		{4955D03C-A0D5-47B9-BE84-F1C70490378A}.Release|x64.ActiveCfg = Release|x64
		{4955D03C-A0D5-47B9-BE84-F1C70490378A}.Release|x64.Build.0 = Release|x64
		{4955D03C-A0D5-47B9-BE84-F1C70490378A}.Release|x86.ActiveCfg = Release|x86
		{4955D03C-A0D5-47B9-BE84-F1C70490378A}.Release|x86.Build.0 = Release|x86
		{5BD0AE19-9EAB-463E-9417-3EFEAEBC940C}.Debug|ARM.ActiveCfg = Debug|ARM
		{5BD0AE19-9EAB-463E-9417-3EFEAEBC940C}.Debug|ARM.Build.0 = Debug|ARM
		{5BD0AE19-9EAB-463E-9417-3EFEAEBC940C}.Debug|x64.ActiveCfg = Debug|x64
		{5BD0AE19-9EAB-463E-9417-3EFEAEBC940C}.Debug|x64.Build.0 = Debug|x64
		{5BD0AE19-9EAB-463E-9417-3EFEAEBC940C}.Debug|x86.ActiveCfg = Debug|x86
		{5BD0AE19-9EAB-463E-9417-3EFEAEBC940C}.Debug|x86.Build.0 = Debug|x86
		{5BD0AE19-9EAB-463E-9417-3EFEAEBC940C}.Master|ARM.ActiveCfg = Master|ARM
		{5BD0AE19-9EAB-463E-9417-3EFEAEBC940C}.Master|ARM.Build.0 = Master|ARM
		{5BD0AE19-9EAB-463E-9417-3EFEAEBC940C}.Master|x64.ActiveCfg = Master|x64
		{5BD0AE19-9EAB-463E-9417-3EFEAEBC940C}.Master|x64.Build.0 = Master|x64
		{5BD0AE19-9EAB-463E-9417-3EFEAEBC940C}.Master|x86.ActiveCfg = Master|x86
		{5BD0AE19-9EAB-463E-9417-3EFEAEBC940C}.Master|x86.Build.0 = Master|x86
		{5BD0AE19-9EAB-463E-9417-3EFEAEBC940C}.Release|ARM.ActiveCfg = Release|ARM
		{5BD0AE19-9EAB-463E-9417-3EFEAEBC940C}.Release|ARM.Build.0 = Release|ARM
		{5BD0AE19-9EAB-463E-9417-3EFEAEBC940C}.Release|x64.ActiveCfg = Release|x64
		{5BD0AE19-9EAB-463E-9417-3EFEAEBC940C}.Release|x64.Build.0 = Release|x64
		{5BD0AE19-9EAB-463E-9417-3EFEAEBC940C}.Release|x86.ActiveCfg = Release|x86
		{5BD0AE19-9EAB-463E-9417-3EFEAEBC940C}.Release|x86.Build.0 = Release|x86
	EndGlobalSection
	GlobalSection(SolutionProperties) = preSolution
		HideSolutionNode = FALSE
	EndGlobalSection
	GlobalSection(ExtensibilityGlobals) = postSolution
		SolutionGuid = {64411ACF-71B0-426A-8F8D-E8C41ECBABCD}
	EndGlobalSection
EndGlobal
