
Microsoft Visual Studio Solution File, Format Version 12.00
# Visual Studio 2017
Project("{FAE04EC0-301F-11D3-BF4B-00C04F79EFBC}") = "SubHolo", "SubHolo.csproj", "{68373048-F2C5-BF6A-34F7-2A0886A1BE05}"
EndProject
Project("{FAE04EC0-301F-11D3-BF4B-00C04F79EFBC}") = "SubHolo.Editor", "SubHolo.Editor.csproj", "{9A240BC8-3542-0404-7226-3A638C8A5A82}"
EndProject
Global
	GlobalSection(SolutionConfigurationPlatforms) = preSolution
		Debug|Any CPU = Debug|Any CPU
		Release|Any CPU = Release|Any CPU
	EndGlobalSection
	GlobalSection(ProjectConfigurationPlatforms) = postSolution
		{68373048-F2C5-BF6A-34F7-2A0886A1BE05}.Debug|Any CPU.ActiveCfg = Debug|Any CPU
		{68373048-F2C5-BF6A-34F7-2A0886A1BE05}.Debug|Any CPU.Build.0 = Debug|Any CPU
		{68373048-F2C5-BF6A-34F7-2A0886A1BE05}.Release|Any CPU.ActiveCfg = Release|Any CPU
		{68373048-F2C5-BF6A-34F7-2A0886A1BE05}.Release|Any CPU.Build.0 = Release|Any CPU
		{9A240BC8-3542-0404-7226-3A638C8A5A82}.Debug|Any CPU.ActiveCfg = Debug|Any CPU
		{9A240BC8-3542-0404-7226-3A638C8A5A82}.Debug|Any CPU.Build.0 = Debug|Any CPU
		{9A240BC8-3542-0404-7226-3A638C8A5A82}.Release|Any CPU.ActiveCfg = Release|Any CPU
		{9A240BC8-3542-0404-7226-3A638C8A5A82}.Release|Any CPU.Build.0 = Release|Any CPU
	EndGlobalSection
	GlobalSection(SolutionProperties) = preSolution
		HideSolutionNode = FALSE
	EndGlobalSection
EndGlobal
